
Microsoft Visual Studio Solution File, Format Version 12.00
# Visual Studio Version 17
VisualStudioVersion = 17.0.31903.59
MinimumVisualStudioVersion = 10.0.40219.1
Project("{FAE04EC0-301F-11D3-BF4B-00C04F79EFBC}") = "AI Note Review", "AI Note Review.csproj", "{DC2FF4F7-FE78-4CC3-B526-682DE407F0EE}"
EndProject
Project("{FAE04EC0-301F-11D3-BF4B-00C04F79EFBC}") = "Document", "..\Document\Document.csproj", "{04352C44-F511-4414-AD98-5BD539A90404}"
EndProject
Global
	GlobalSection(SolutionConfigurationPlatforms) = preSolution
		Debug|Any CPU = Debug|Any CPU
		Release|Any CPU = Release|Any CPU
	EndGlobalSection
	GlobalSection(ProjectConfigurationPlatforms) = postSolution
		{DC2FF4F7-FE78-4CC3-B526-682DE407F0EE}.Debug|Any CPU.ActiveCfg = Debug|Any CPU
		{DC2FF4F7-FE78-4CC3-B526-682DE407F0EE}.Debug|Any CPU.Build.0 = Debug|Any CPU
		{DC2FF4F7-FE78-4CC3-B526-682DE407F0EE}.Release|Any CPU.ActiveCfg = Release|Any CPU
		{DC2FF4F7-FE78-4CC3-B526-682DE407F0EE}.Release|Any CPU.Build.0 = Release|Any CPU
		{04352C44-F511-4414-AD98-5BD539A90404}.Debug|Any CPU.ActiveCfg = Debug|Any CPU
		{04352C44-F511-4414-AD98-5BD539A90404}.Debug|Any CPU.Build.0 = Debug|Any CPU
		{04352C44-F511-4414-AD98-5BD539A90404}.Release|Any CPU.ActiveCfg = Release|Any CPU
		{04352C44-F511-4414-AD98-5BD539A90404}.Release|Any CPU.Build.0 = Release|Any CPU
	EndGlobalSection
	GlobalSection(SolutionProperties) = preSolution
		HideSolutionNode = FALSE
	EndGlobalSection
	GlobalSection(ExtensibilityGlobals) = postSolution
		SolutionGuid = {46A65BDD-721B-4233-9CFC-F52D7F0125A4}
	EndGlobalSection
EndGlobal
